
Microsoft Visual Studio Solution File, Format Version 12.00
# Visual Studio 15
VisualStudioVersion = 15.0.28010.2003
MinimumVisualStudioVersion = 10.0.40219.1
Project("{9A19103F-16F7-4668-BE54-9A1E7A4F7556}") = "ProductivityTools.ReleaseManagement.Api", "src\Server\ProductivityTools.ReleaseManagement.Api\ProductivityTools.ReleaseManagement.Api.csproj", "{D24844A2-8697-4BDB-A859-1DEBD663E7E6}"
EndProject
Project("{9A19103F-16F7-4668-BE54-9A1E7A4F7556}") = "ProductivityTools.ReleaseManagement.ApiModels", "src\Server\ProductivityTools.ReleaseManagement.ApiModels\ProductivityTools.ReleaseManagement.ApiModels.csproj", "{4FF1BC45-0D04-480A-B404-6F1EC5906DCF}"
EndProject
Global
	GlobalSection(SolutionConfigurationPlatforms) = preSolution
		Debug|Any CPU = Debug|Any CPU
		Release|Any CPU = Release|Any CPU
	EndGlobalSection
	GlobalSection(ProjectConfigurationPlatforms) = postSolution
		{D24844A2-8697-4BDB-A859-1DEBD663E7E6}.Debug|Any CPU.ActiveCfg = Debug|Any CPU
		{D24844A2-8697-4BDB-A859-1DEBD663E7E6}.Debug|Any CPU.Build.0 = Debug|Any CPU
		{D24844A2-8697-4BDB-A859-1DEBD663E7E6}.Release|Any CPU.ActiveCfg = Release|Any CPU
		{D24844A2-8697-4BDB-A859-1DEBD663E7E6}.Release|Any CPU.Build.0 = Release|Any CPU
		{4FF1BC45-0D04-480A-B404-6F1EC5906DCF}.Debug|Any CPU.ActiveCfg = Debug|Any CPU
		{4FF1BC45-0D04-480A-B404-6F1EC5906DCF}.Debug|Any CPU.Build.0 = Debug|Any CPU
		{4FF1BC45-0D04-480A-B404-6F1EC5906DCF}.Release|Any CPU.ActiveCfg = Release|Any CPU
		{4FF1BC45-0D04-480A-B404-6F1EC5906DCF}.Release|Any CPU.Build.0 = Release|Any CPU
	EndGlobalSection
	GlobalSection(SolutionProperties) = preSolution
		HideSolutionNode = FALSE
	EndGlobalSection
	GlobalSection(ExtensibilityGlobals) = postSolution
		SolutionGuid = {0B8A1EA0-F531-4F42-8C87-6F6956F231D9}
	EndGlobalSection
EndGlobal
